// !$*UTF8*$!
{
	archiveVersion = 1;
	classes = {
	};
	objectVersion = 56;
	objects = {

/* Begin PBXBuildFile section */
		C744F6972C7FE9A600AF973A /* mapaApp.swift in Sources */ = {isa = PBXBuildFile; fileRef = C744F6962C7FE9A600AF973A /* mapaApp.swift */; };
		C744F6992C7FE9A600AF973A /* ContentView.swift in Sources */ = {isa = PBXBuildFile; fileRef = C744F6982C7FE9A600AF973A /* ContentView.swift */; };
		C744F69B2C7FE9A800AF973A /* Assets.xcassets in Resources */ = {isa = PBXBuildFile; fileRef = C744F69A2C7FE9A800AF973A /* Assets.xcassets */; };
		C744F69E2C7FE9A800AF973A /* Preview Assets.xcassets in Resources */ = {isa = PBXBuildFile; fileRef = C744F69D2C7FE9A800AF973A /* Preview Assets.xcassets */; };
		C744F6A82C7FE9A800AF973A /* mapaTests.swift in Sources */ = {isa = PBXBuildFile; fileRef = C744F6A72C7FE9A800AF973A /* mapaTests.swift */; };
		C744F6B22C7FE9A800AF973A /* mapaUITests.swift in Sources */ = {isa = PBXBuildFile; fileRef = C744F6B12C7FE9A800AF973A /* mapaUITests.swift */; };
		C744F6B42C7FE9A800AF973A /* mapaUITestsLaunchTests.swift in Sources */ = {isa = PBXBuildFile; fileRef = C744F6B32C7FE9A800AF973A /* mapaUITestsLaunchTests.swift */; };
/* End PBXBuildFile section */

/* Begin PBXContainerItemProxy section */
		C744F6A42C7FE9A800AF973A /* PBXContainerItemProxy */ = {
			isa = PBXContainerItemProxy;
			containerPortal = C744F68B2C7FE9A600AF973A /* Project object */;
			proxyType = 1;
			remoteGlobalIDString = C744F6922C7FE9A600AF973A;
			remoteInfo = mapa;
		};
		C744F6AE2C7FE9A800AF973A /* PBXContainerItemProxy */ = {
			isa = PBXContainerItemProxy;
			containerPortal = C744F68B2C7FE9A600AF973A /* Project object */;
			proxyType = 1;
			remoteGlobalIDString = C744F6922C7FE9A600AF973A;
			remoteInfo = mapa;
		};
/* End PBXContainerItemProxy section */

/* Begin PBXFileReference section */
		C744F6932C7FE9A600AF973A /* mapa.app */ = {isa = PBXFileReference; explicitFileType = wrapper.application; includeInIndex = 0; path = mapa.app; sourceTree = BUILT_PRODUCTS_DIR; };
		C744F6962C7FE9A600AF973A /* mapaApp.swift */ = {isa = PBXFileReference; lastKnownFileType = sourcecode.swift; path = mapaApp.swift; sourceTree = "<group>"; };
		C744F6982C7FE9A600AF973A /* ContentView.swift */ = {isa = PBXFileReference; lastKnownFileType = sourcecode.swift; path = ContentView.swift; sourceTree = "<group>"; };
		C744F69A2C7FE9A800AF973A /* Assets.xcassets */ = {isa = PBXFileReference; lastKnownFileType = folder.assetcatalog; path = Assets.xcassets; sourceTree = "<group>"; };
		C744F69D2C7FE9A800AF973A /* Preview Assets.xcassets */ = {isa = PBXFileReference; lastKnownFileType = folder.assetcatalog; path = "Preview Assets.xcassets"; sourceTree = "<group>"; };
		C744F6A32C7FE9A800AF973A /* mapaTests.xctest */ = {isa = PBXFileReference; explicitFileType = wrapper.cfbundle; includeInIndex = 0; path = mapaTests.xctest; sourceTree = BUILT_PRODUCTS_DIR; };
		C744F6A72C7FE9A800AF973A /* mapaTests.swift */ = {isa = PBXFileReference; lastKnownFileType = sourcecode.swift; path = mapaTests.swift; sourceTree = "<group>"; };
		C744F6AD2C7FE9A800AF973A /* mapaUITests.xctest */ = {isa = PBXFileReference; explicitFileType = wrapper.cfbundle; includeInIndex = 0; path = mapaUITests.xctest; sourceTree = BUILT_PRODUCTS_DIR; };
		C744F6B12C7FE9A800AF973A /* mapaUITests.swift */ = {isa = PBXFileReference; lastKnownFileType = sourcecode.swift; path = mapaUITests.swift; sourceTree = "<group>"; };
		C744F6B32C7FE9A800AF973A /* mapaUITestsLaunchTests.swift */ = {isa = PBXFileReference; lastKnownFileType = sourcecode.swift; path = mapaUITestsLaunchTests.swift; sourceTree = "<group>"; };
/* End PBXFileReference section */

/* Begin PBXFrameworksBuildPhase section */
		C744F6902C7FE9A600AF973A /* Frameworks */ = {
			isa = PBXFrameworksBuildPhase;
			buildActionMask = 2147483647;
			files = (
			);
			runOnlyForDeploymentPostprocessing = 0;
		};
		C744F6A02C7FE9A800AF973A /* Frameworks */ = {
			isa = PBXFrameworksBuildPhase;
			buildActionMask = 2147483647;
			files = (
			);
			runOnlyForDeploymentPostprocessing = 0;
		};
		C744F6AA2C7FE9A800AF973A /* Frameworks */ = {
			isa = PBXFrameworksBuildPhase;
			buildActionMask = 2147483647;
			files = (
			);
			runOnlyForDeploymentPostprocessing = 0;
		};
/* End PBXFrameworksBuildPhase section */

/* Begin PBXGroup section */
		C744F68A2C7FE9A600AF973A = {
			isa = PBXGroup;
			children = (
				C744F6952C7FE9A600AF973A /* mapa */,
				C744F6A62C7FE9A800AF973A /* mapaTests */,
				C744F6B02C7FE9A800AF973A /* mapaUITests */,
				C744F6942C7FE9A600AF973A /* Products */,
			);
			sourceTree = "<group>";
		};
		C744F6942C7FE9A600AF973A /* Products */ = {
			isa = PBXGroup;
			children = (
				C744F6932C7FE9A600AF973A /* mapa.app */,
				C744F6A32C7FE9A800AF973A /* mapaTests.xctest */,
				C744F6AD2C7FE9A800AF973A /* mapaUITests.xctest */,
			);
			name = Products;
			sourceTree = "<group>";
		};
		C744F6952C7FE9A600AF973A /* mapa */ = {
			isa = PBXGroup;
			children = (
				C744F6962C7FE9A600AF973A /* mapaApp.swift */,
				C744F6982C7FE9A600AF973A /* ContentView.swift */,
				C744F69A2C7FE9A800AF973A /* Assets.xcassets */,
				C744F69C2C7FE9A800AF973A /* Preview Content */,
			);
			path = mapa;
			sourceTree = "<group>";
		};
		C744F69C2C7FE9A800AF973A /* Preview Content */ = {
			isa = PBXGroup;
			children = (
				C744F69D2C7FE9A800AF973A /* Preview Assets.xcassets */,
			);
			path = "Preview Content";
			sourceTree = "<group>";
		};
		C744F6A62C7FE9A800AF973A /* mapaTests */ = {
			isa = PBXGroup;
			children = (
				C744F6A72C7FE9A800AF973A /* mapaTests.swift */,
			);
			path = mapaTests;
			sourceTree = "<group>";
		};
		C744F6B02C7FE9A800AF973A /* mapaUITests */ = {
			isa = PBXGroup;
			children = (
				C744F6B12C7FE9A800AF973A /* mapaUITests.swift */,
				C744F6B32C7FE9A800AF973A /* mapaUITestsLaunchTests.swift */,
			);
			path = mapaUITests;
			sourceTree = "<group>";
		};
/* End PBXGroup section */

/* Begin PBXNativeTarget section */
		C744F6922C7FE9A600AF973A /* mapa */ = {
			isa = PBXNativeTarget;
			buildConfigurationList = C744F6B72C7FE9A800AF973A /* Build configuration list for PBXNativeTarget "mapa" */;
			buildPhases = (
				C744F68F2C7FE9A600AF973A /* Sources */,
				C744F6902C7FE9A600AF973A /* Frameworks */,
				C744F6912C7FE9A600AF973A /* Resources */,
			);
			buildRules = (
			);
			dependencies = (
			);
			name = mapa;
			productName = mapa;
			productReference = C744F6932C7FE9A600AF973A /* mapa.app */;
			productType = "com.apple.product-type.application";
		};
		C744F6A22C7FE9A800AF973A /* mapaTests */ = {
			isa = PBXNativeTarget;
			buildConfigurationList = C744F6BA2C7FE9A800AF973A /* Build configuration list for PBXNativeTarget "mapaTests" */;
			buildPhases = (
				C744F69F2C7FE9A800AF973A /* Sources */,
				C744F6A02C7FE9A800AF973A /* Frameworks */,
				C744F6A12C7FE9A800AF973A /* Resources */,
			);
			buildRules = (
			);
			dependencies = (
				C744F6A52C7FE9A800AF973A /* PBXTargetDependency */,
			);
			name = mapaTests;
			productName = mapaTests;
			productReference = C744F6A32C7FE9A800AF973A /* mapaTests.xctest */;
			productType = "com.apple.product-type.bundle.unit-test";
		};
		C744F6AC2C7FE9A800AF973A /* mapaUITests */ = {
			isa = PBXNativeTarget;
			buildConfigurationList = C744F6BD2C7FE9A800AF973A /* Build configuration list for PBXNativeTarget "mapaUITests" */;
			buildPhases = (
				C744F6A92C7FE9A800AF973A /* Sources */,
				C744F6AA2C7FE9A800AF973A /* Frameworks */,
				C744F6AB2C7FE9A800AF973A /* Resources */,
			);
			buildRules = (
			);
			dependencies = (
				C744F6AF2C7FE9A800AF973A /* PBXTargetDependency */,
			);
			name = mapaUITests;
			productName = mapaUITests;
			productReference = C744F6AD2C7FE9A800AF973A /* mapaUITests.xctest */;
			productType = "com.apple.product-type.bundle.ui-testing";
		};
/* End PBXNativeTarget section */

/* Begin PBXProject section */
		C744F68B2C7FE9A600AF973A /* Project object */ = {
			isa = PBXProject;
			attributes = {
				BuildIndependentTargetsInParallel = 1;
				LastSwiftUpdateCheck = 1540;
				LastUpgradeCheck = 1540;
				TargetAttributes = {
					C744F6922C7FE9A600AF973A = {
						CreatedOnToolsVersion = 15.4;
					};
					C744F6A22C7FE9A800AF973A = {
						CreatedOnToolsVersion = 15.4;
						TestTargetID = C744F6922C7FE9A600AF973A;
					};
					C744F6AC2C7FE9A800AF973A = {
						CreatedOnToolsVersion = 15.4;
						TestTargetID = C744F6922C7FE9A600AF973A;
					};
				};
			};
			buildConfigurationList = C744F68E2C7FE9A600AF973A /* Build configuration list for PBXProject "mapa" */;
			compatibilityVersion = "Xcode 14.0";
			developmentRegion = en;
			hasScannedForEncodings = 0;
			knownRegions = (
				en,
				Base,
			);
			mainGroup = C744F68A2C7FE9A600AF973A;
			productRefGroup = C744F6942C7FE9A600AF973A /* Products */;
			projectDirPath = "";
			projectRoot = "";
			targets = (
				C744F6922C7FE9A600AF973A /* mapa */,
				C744F6A22C7FE9A800AF973A /* mapaTests */,
				C744F6AC2C7FE9A800AF973A /* mapaUITests */,
			);
		};
/* End PBXProject section */

/* Begin PBXResourcesBuildPhase section */
		C744F6912C7FE9A600AF973A /* Resources */ = {
			isa = PBXResourcesBuildPhase;
			buildActionMask = 2147483647;
			files = (
				C744F69E2C7FE9A800AF973A /* Preview Assets.xcassets in Resources */,
				C744F69B2C7FE9A800AF973A /* Assets.xcassets in Resources */,
			);
			runOnlyForDeploymentPostprocessing = 0;
		};
		C744F6A12C7FE9A800AF973A /* Resources */ = {
			isa = PBXResourcesBuildPhase;
			buildActionMask = 2147483647;
			files = (
			);
			runOnlyForDeploymentPostprocessing = 0;
		};
		C744F6AB2C7FE9A800AF973A /* Resources */ = {
			isa = PBXResourcesBuildPhase;
			buildActionMask = 2147483647;
			files = (
			);
			runOnlyForDeploymentPostprocessing = 0;
		};
/* End PBXResourcesBuildPhase section */

/* Begin PBXSourcesBuildPhase section */
		C744F68F2C7FE9A600AF973A /* Sources */ = {
			isa = PBXSourcesBuildPhase;
			buildActionMask = 2147483647;
			files = (
				C744F6992C7FE9A600AF973A /* ContentView.swift in Sources */,
				C744F6972C7FE9A600AF973A /* mapaApp.swift in Sources */,
			);
			runOnlyForDeploymentPostprocessing = 0;
		};
		C744F69F2C7FE9A800AF973A /* Sources */ = {
			isa = PBXSourcesBuildPhase;
			buildActionMask = 2147483647;
			files = (
				C744F6A82C7FE9A800AF973A /* mapaTests.swift in Sources */,
			);
			runOnlyForDeploymentPostprocessing = 0;
		};
		C744F6A92C7FE9A800AF973A /* Sources */ = {
			isa = PBXSourcesBuildPhase;
			buildActionMask = 2147483647;
			files = (
				C744F6B22C7FE9A800AF973A /* mapaUITests.swift in Sources */,
				C744F6B42C7FE9A800AF973A /* mapaUITestsLaunchTests.swift in Sources */,
			);
			runOnlyForDeploymentPostprocessing = 0;
		};
/* End PBXSourcesBuildPhase section */

/* Begin PBXTargetDependency section */
		C744F6A52C7FE9A800AF973A /* PBXTargetDependency */ = {
			isa = PBXTargetDependency;
			target = C744F6922C7FE9A600AF973A /* mapa */;
			targetProxy = C744F6A42C7FE9A800AF973A /* PBXContainerItemProxy */;
		};
		C744F6AF2C7FE9A800AF973A /* PBXTargetDependency */ = {
			isa = PBXTargetDependency;
			target = C744F6922C7FE9A600AF973A /* mapa */;
			targetProxy = C744F6AE2C7FE9A800AF973A /* PBXContainerItemProxy */;
		};
/* End PBXTargetDependency section */

/* Begin XCBuildConfiguration section */
		C744F6B52C7FE9A800AF973A /* Debug */ = {
			isa = XCBuildConfiguration;
			buildSettings = {
				ALWAYS_SEARCH_USER_PATHS = NO;
				ASSETCATALOG_COMPILER_GENERATE_SWIFT_ASSET_SYMBOL_EXTENSIONS = YES;
				CLANG_ANALYZER_NONNULL = YES;
				CLANG_ANALYZER_NUMBER_OBJECT_CONVERSION = YES_AGGRESSIVE;
				CLANG_CXX_LANGUAGE_STANDARD = "gnu++20";
				CLANG_ENABLE_MODULES = YES;
				CLANG_ENABLE_OBJC_ARC = YES;
				CLANG_ENABLE_OBJC_WEAK = YES;
				CLANG_WARN_BLOCK_CAPTURE_AUTORELEASING = YES;
				CLANG_WARN_BOOL_CONVERSION = YES;
				CLANG_WARN_COMMA = YES;
				CLANG_WARN_CONSTANT_CONVERSION = YES;
				CLANG_WARN_DEPRECATED_OBJC_IMPLEMENTATIONS = YES;
				CLANG_WARN_DIRECT_OBJC_ISA_USAGE = YES_ERROR;
				CLANG_WARN_DOCUMENTATION_COMMENTS = YES;
				CLANG_WARN_EMPTY_BODY = YES;
				CLANG_WARN_ENUM_CONVERSION = YES;
				CLANG_WARN_INFINITE_RECURSION = YES;
				CLANG_WARN_INT_CONVERSION = YES;
				CLANG_WARN_NON_LITERAL_NULL_CONVERSION = YES;
				CLANG_WARN_OBJC_IMPLICIT_RETAIN_SELF = YES;
				CLANG_WARN_OBJC_LITERAL_CONVERSION = YES;
				CLANG_WARN_OBJC_ROOT_CLASS = YES_ERROR;
				CLANG_WARN_QUOTED_INCLUDE_IN_FRAMEWORK_HEADER = YES;
				CLANG_WARN_RANGE_LOOP_ANALYSIS = YES;
				CLANG_WARN_STRICT_PROTOTYPES = YES;
				CLANG_WARN_SUSPICIOUS_MOVE = YES;
				CLANG_WARN_UNGUARDED_AVAILABILITY = YES_AGGRESSIVE;
				CLANG_WARN_UNREACHABLE_CODE = YES;
				CLANG_WARN__DUPLICATE_METHOD_MATCH = YES;
				COPY_PHASE_STRIP = NO;
				DEBUG_INFORMATION_FORMAT = dwarf;
				ENABLE_STRICT_OBJC_MSGSEND = YES;
				ENABLE_TESTABILITY = YES;
				ENABLE_USER_SCRIPT_SANDBOXING = YES;
				GCC_C_LANGUAGE_STANDARD = gnu17;
				GCC_DYNAMIC_NO_PIC = NO;
				GCC_NO_COMMON_BLOCKS = YES;
				GCC_OPTIMIZATION_LEVEL = 0;
				GCC_PREPROCESSOR_DEFINITIONS = (
					"DEBUG=1",
					"$(inherited)",
				);
				GCC_WARN_64_TO_32_BIT_CONVERSION = YES;
				GCC_WARN_ABOUT_RETURN_TYPE = YES_ERROR;
				GCC_WARN_UNDECLARED_SELECTOR = YES;
				GCC_WARN_UNINITIALIZED_AUTOS = YES_AGGRESSIVE;
				GCC_WARN_UNUSED_FUNCTION = YES;
				GCC_WARN_UNUSED_VARIABLE = YES;
				IPHONEOS_DEPLOYMENT_TARGET = 17.5;
				LOCALIZATION_PREFERS_STRING_CATALOGS = YES;
				MTL_ENABLE_DEBUG_INFO = INCLUDE_SOURCE;
				MTL_FAST_MATH = YES;
				ONLY_ACTIVE_ARCH = YES;
				SDKROOT = iphoneos;
				SWIFT_ACTIVE_COMPILATION_CONDITIONS = "DEBUG $(inherited)";
				SWIFT_OPTIMIZATION_LEVEL = "-Onone";
			};
			name = Debug;
		};
		C744F6B62C7FE9A800AF973A /* Release */ = {
			isa = XCBuildConfiguration;
			buildSettings = {
				ALWAYS_SEARCH_USER_PATHS = NO;
				ASSETCATALOG_COMPILER_GENERATE_SWIFT_ASSET_SYMBOL_EXTENSIONS = YES;
				CLANG_ANALYZER_NONNULL = YES;
				CLANG_ANALYZER_NUMBER_OBJECT_CONVERSION = YES_AGGRESSIVE;
				CLANG_CXX_LANGUAGE_STANDARD = "gnu++20";
				CLANG_ENABLE_MODULES = YES;
				CLANG_ENABLE_OBJC_ARC = YES;
				CLANG_ENABLE_OBJC_WEAK = YES;
				CLANG_WARN_BLOCK_CAPTURE_AUTORELEASING = YES;
				CLANG_WARN_BOOL_CONVERSION = YES;
				CLANG_WARN_COMMA = YES;
				CLANG_WARN_CONSTANT_CONVERSION = YES;
				CLANG_WARN_DEPRECATED_OBJC_IMPLEMENTATIONS = YES;
				CLANG_WARN_DIRECT_OBJC_ISA_USAGE = YES_ERROR;
				CLANG_WARN_DOCUMENTATION_COMMENTS = YES;
				CLANG_WARN_EMPTY_BODY = YES;
				CLANG_WARN_ENUM_CONVERSION = YES;
				CLANG_WARN_INFINITE_RECURSION = YES;
				CLANG_WARN_INT_CONVERSION = YES;
				CLANG_WARN_NON_LITERAL_NULL_CONVERSION = YES;
				CLANG_WARN_OBJC_IMPLICIT_RETAIN_SELF = YES;
				CLANG_WARN_OBJC_LITERAL_CONVERSION = YES;
				CLANG_WARN_OBJC_ROOT_CLASS = YES_ERROR;
				CLANG_WARN_QUOTED_INCLUDE_IN_FRAMEWORK_HEADER = YES;
				CLANG_WARN_RANGE_LOOP_ANALYSIS = YES;
				CLANG_WARN_STRICT_PROTOTYPES = YES;
				CLANG_WARN_SUSPICIOUS_MOVE = YES;
				CLANG_WARN_UNGUARDED_AVAILABILITY = YES_AGGRESSIVE;
				CLANG_WARN_UNREACHABLE_CODE = YES;
				CLANG_WARN__DUPLICATE_METHOD_MATCH = YES;
				COPY_PHASE_STRIP = NO;
				DEBUG_INFORMATION_FORMAT = "dwarf-with-dsym";
				ENABLE_NS_ASSERTIONS = NO;
				ENABLE_STRICT_OBJC_MSGSEND = YES;
				ENABLE_USER_SCRIPT_SANDBOXING = YES;
				GCC_C_LANGUAGE_STANDARD = gnu17;
				GCC_NO_COMMON_BLOCKS = YES;
				GCC_WARN_64_TO_32_BIT_CONVERSION = YES;
				GCC_WARN_ABOUT_RETURN_TYPE = YES_ERROR;
				GCC_WARN_UNDECLARED_SELECTOR = YES;
				GCC_WARN_UNINITIALIZED_AUTOS = YES_AGGRESSIVE;
				GCC_WARN_UNUSED_FUNCTION = YES;
				GCC_WARN_UNUSED_VARIABLE = YES;
				IPHONEOS_DEPLOYMENT_TARGET = 17.5;
				LOCALIZATION_PREFERS_STRING_CATALOGS = YES;
				MTL_ENABLE_DEBUG_INFO = NO;
				MTL_FAST_MATH = YES;
				SDKROOT = iphoneos;
				SWIFT_COMPILATION_MODE = wholemodule;
				VALIDATE_PRODUCT = YES;
			};
			name = Release;
		};
		C744F6B82C7FE9A800AF973A /* Debug */ = {
			isa = XCBuildConfiguration;
			buildSettings = {
				ASSETCATALOG_COMPILER_APPICON_NAME = AppIcon;
				ASSETCATALOG_COMPILER_GLOBAL_ACCENT_COLOR_NAME = AccentColor;
				CODE_SIGN_STYLE = Automatic;
				CURRENT_PROJECT_VERSION = 1;
				DEVELOPMENT_ASSET_PATHS = "\"mapa/Preview Content\"";
				ENABLE_PREVIEWS = YES;
				GENERATE_INFOPLIST_FILE = YES;
				INFOPLIST_KEY_UIApplicationSceneManifest_Generation = YES;
				INFOPLIST_KEY_UIApplicationSupportsIndirectInputEvents = YES;
				INFOPLIST_KEY_UILaunchScreen_Generation = YES;
				INFOPLIST_KEY_UISupportedInterfaceOrientations_iPad = "UIInterfaceOrientationPortrait UIInterfaceOrientationPortraitUpsideDown UIInterfaceOrientationLandscapeLeft UIInterfaceOrientationLandscapeRight";
				INFOPLIST_KEY_UISupportedInterfaceOrientations_iPhone = "UIInterfaceOrientationPortrait UIInterfaceOrientationLandscapeLeft UIInterfaceOrientationLandscapeRight";
				LD_RUNPATH_SEARCH_PATHS = (
					"$(inherited)",
					"@executable_path/Frameworks",
				);
				MARKETING_VERSION = 1.0;
				PRODUCT_BUNDLE_IDENTIFIER = raissarodrigues.mapa;
				PRODUCT_NAME = "$(TARGET_NAME)";
				SWIFT_EMIT_LOC_STRINGS = YES;
				SWIFT_VERSION = 5.0;
				TARGETED_DEVICE_FAMILY = "1,2";
			};
			name = Debug;
		};
		C744F6B92C7FE9A800AF973A /* Release */ = {
			isa = XCBuildConfiguration;
			buildSettings = {
				ASSETCATALOG_COMPILER_APPICON_NAME = AppIcon;
				ASSETCATALOG_COMPILER_GLOBAL_ACCENT_COLOR_NAME = AccentColor;
				CODE_SIGN_STYLE = Automatic;
				CURRENT_PROJECT_VERSION = 1;
				DEVELOPMENT_ASSET_PATHS = "\"mapa/Preview Content\"";
				ENABLE_PREVIEWS = YES;
				GENERATE_INFOPLIST_FILE = YES;
				INFOPLIST_KEY_UIApplicationSceneManifest_Generation = YES;
				INFOPLIST_KEY_UIApplicationSupportsIndirectInputEvents = YES;
				INFOPLIST_KEY_UILaunchScreen_Generation = YES;
				INFOPLIST_KEY_UISupportedInterfaceOrientations_iPad = "UIInterfaceOrientationPortrait UIInterfaceOrientationPortraitUpsideDown UIInterfaceOrientationLandscapeLeft UIInterfaceOrientationLandscapeRight";
				INFOPLIST_KEY_UISupportedInterfaceOrientations_iPhone = "UIInterfaceOrientationPortrait UIInterfaceOrientationLandscapeLeft UIInterfaceOrientationLandscapeRight";
				LD_RUNPATH_SEARCH_PATHS = (
					"$(inherited)",
					"@executable_path/Frameworks",
				);
				MARKETING_VERSION = 1.0;
				PRODUCT_BUNDLE_IDENTIFIER = raissarodrigues.mapa;
				PRODUCT_NAME = "$(TARGET_NAME)";
				SWIFT_EMIT_LOC_STRINGS = YES;
				SWIFT_VERSION = 5.0;
				TARGETED_DEVICE_FAMILY = "1,2";
			};
			name = Release;
		};
		C744F6BB2C7FE9A800AF973A /* Debug */ = {
			isa = XCBuildConfiguration;
			buildSettings = {
				ALWAYS_EMBED_SWIFT_STANDARD_LIBRARIES = YES;
				BUNDLE_LOADER = "$(TEST_HOST)";
				CODE_SIGN_STYLE = Automatic;
				CURRENT_PROJECT_VERSION = 1;
				GENERATE_INFOPLIST_FILE = YES;
				IPHONEOS_DEPLOYMENT_TARGET = 17.5;
				MARKETING_VERSION = 1.0;
				PRODUCT_BUNDLE_IDENTIFIER = raissarodrigues.mapaTests;
				PRODUCT_NAME = "$(TARGET_NAME)";
				SWIFT_EMIT_LOC_STRINGS = NO;
				SWIFT_VERSION = 5.0;
				TARGETED_DEVICE_FAMILY = "1,2";
				TEST_HOST = "$(BUILT_PRODUCTS_DIR)/mapa.app/$(BUNDLE_EXECUTABLE_FOLDER_PATH)/mapa";
			};
			name = Debug;
		};
		C744F6BC2C7FE9A800AF973A /* Release */ = {
			isa = XCBuildConfiguration;
			buildSettings = {
				ALWAYS_EMBED_SWIFT_STANDARD_LIBRARIES = YES;
				BUNDLE_LOADER = "$(TEST_HOST)";
				CODE_SIGN_STYLE = Automatic;
				CURRENT_PROJECT_VERSION = 1;
				GENERATE_INFOPLIST_FILE = YES;
				IPHONEOS_DEPLOYMENT_TARGET = 17.5;
				MARKETING_VERSION = 1.0;
				PRODUCT_BUNDLE_IDENTIFIER = raissarodrigues.mapaTests;
				PRODUCT_NAME = "$(TARGET_NAME)";
				SWIFT_EMIT_LOC_STRINGS = NO;
				SWIFT_VERSION = 5.0;
				TARGETED_DEVICE_FAMILY = "1,2";
				TEST_HOST = "$(BUILT_PRODUCTS_DIR)/mapa.app/$(BUNDLE_EXECUTABLE_FOLDER_PATH)/mapa";
			};
			name = Release;
		};
		C744F6BE2C7FE9A800AF973A /* Debug */ = {
			isa = XCBuildConfiguration;
			buildSettings = {
				ALWAYS_EMBED_SWIFT_STANDARD_LIBRARIES = YES;
				CODE_SIGN_STYLE = Automatic;
				CURRENT_PROJECT_VERSION = 1;
				GENERATE_INFOPLIST_FILE = YES;
				MARKETING_VERSION = 1.0;
				PRODUCT_BUNDLE_IDENTIFIER = raissarodrigues.mapaUITests;
				PRODUCT_NAME = "$(TARGET_NAME)";
				SWIFT_EMIT_LOC_STRINGS = NO;
				SWIFT_VERSION = 5.0;
				TARGETED_DEVICE_FAMILY = "1,2";
				TEST_TARGET_NAME = mapa;
			};
			name = Debug;
		};
		C744F6BF2C7FE9A800AF973A /* Release */ = {
			isa = XCBuildConfiguration;
			buildSettings = {
				ALWAYS_EMBED_SWIFT_STANDARD_LIBRARIES = YES;
				CODE_SIGN_STYLE = Automatic;
				CURRENT_PROJECT_VERSION = 1;
				GENERATE_INFOPLIST_FILE = YES;
				MARKETING_VERSION = 1.0;
				PRODUCT_BUNDLE_IDENTIFIER = raissarodrigues.mapaUITests;
				PRODUCT_NAME = "$(TARGET_NAME)";
				SWIFT_EMIT_LOC_STRINGS = NO;
				SWIFT_VERSION = 5.0;
				TARGETED_DEVICE_FAMILY = "1,2";
				TEST_TARGET_NAME = mapa;
			};
			name = Release;
		};
/* End XCBuildConfiguration section */

/* Begin XCConfigurationList section */
		C744F68E2C7FE9A600AF973A /* Build configuration list for PBXProject "mapa" */ = {
			isa = XCConfigurationList;
			buildConfigurations = (
				C744F6B52C7FE9A800AF973A /* Debug */,
				C744F6B62C7FE9A800AF973A /* Release */,
			);
			defaultConfigurationIsVisible = 0;
			defaultConfigurationName = Release;
		};
		C744F6B72C7FE9A800AF973A /* Build configuration list for PBXNativeTarget "mapa" */ = {
			isa = XCConfigurationList;
			buildConfigurations = (
				C744F6B82C7FE9A800AF973A /* Debug */,
				C744F6B92C7FE9A800AF973A /* Release */,
			);
			defaultConfigurationIsVisible = 0;
			defaultConfigurationName = Release;
		};
		C744F6BA2C7FE9A800AF973A /* Build configuration list for PBXNativeTarget "mapaTests" */ = {
			isa = XCConfigurationList;
			buildConfigurations = (
				C744F6BB2C7FE9A800AF973A /* Debug */,
				C744F6BC2C7FE9A800AF973A /* Release */,
			);
			defaultConfigurationIsVisible = 0;
			defaultConfigurationName = Release;
		};
		C744F6BD2C7FE9A800AF973A /* Build configuration list for PBXNativeTarget "mapaUITests" */ = {
			isa = XCConfigurationList;
			buildConfigurations = (
				C744F6BE2C7FE9A800AF973A /* Debug */,
				C744F6BF2C7FE9A800AF973A /* Release */,
			);
			defaultConfigurationIsVisible = 0;
			defaultConfigurationName = Release;
		};
/* End XCConfigurationList section */
	};
	rootObject = C744F68B2C7FE9A600AF973A /* Project object */;
}
